
Microsoft Visual Studio Solution File, Format Version 12.00
# Visual Studio Version 17
VisualStudioVersion = 17.5.33414.496
MinimumVisualStudioVersion = 10.0.40219.1
Project("{FAE04EC0-301F-11D3-BF4B-00C04F79EFBC}") = "moretesting", "moretesting\moretesting.csproj", "{FBFD99AA-A98D-4B99-A072-D6D7596C8EDD}"
EndProject
Global
	GlobalSection(SolutionConfigurationPlatforms) = preSolution
		Debug|Any CPU = Debug|Any CPU
		Release|Any CPU = Release|Any CPU
	EndGlobalSection
	GlobalSection(ProjectConfigurationPlatforms) = postSolution
		{FBFD99AA-A98D-4B99-A072-D6D7596C8EDD}.Debug|Any CPU.ActiveCfg = Debug|Any CPU
		{FBFD99AA-A98D-4B99-A072-D6D7596C8EDD}.Debug|Any CPU.Build.0 = Debug|Any CPU
		{FBFD99AA-A98D-4B99-A072-D6D7596C8EDD}.Release|Any CPU.ActiveCfg = Release|Any CPU
		{FBFD99AA-A98D-4B99-A072-D6D7596C8EDD}.Release|Any CPU.Build.0 = Release|Any CPU
	EndGlobalSection
	GlobalSection(SolutionProperties) = preSolution
		HideSolutionNode = FALSE
	EndGlobalSection
	GlobalSection(ExtensibilityGlobals) = postSolution
		SolutionGuid = {B4AA458F-B94F-48DB-BD1A-F0506B9E40CE}
	EndGlobalSection
EndGlobal
